
Microsoft Visual Studio Solution File, Format Version 12.00
# Visual Studio Version 17
VisualStudioVersion = 17.1.32414.318
MinimumVisualStudioVersion = 10.0.40219.1
Project("{FAE04EC0-301F-11D3-BF4B-00C04F79EFBC}") = "Se7venInventory", "Se7venInventory.csproj", "{2DA00F16-2193-4564-AB24-20B674279C5A}"
EndProject
Project("{FAE04EC0-301F-11D3-BF4B-00C04F79EFBC}") = "CADSe7ven", "..\CADSe7ven\CADSe7ven.csproj", "{E66DFC6E-5281-4975-98B7-1A7A0C28402C}"
EndProject
Global
	GlobalSection(SolutionConfigurationPlatforms) = preSolution
		Debug|Any CPU = Debug|Any CPU
		Release|Any CPU = Release|Any CPU
	EndGlobalSection
	GlobalSection(ProjectConfigurationPlatforms) = postSolution
		{2DA00F16-2193-4564-AB24-20B674279C5A}.Debug|Any CPU.ActiveCfg = Debug|Any CPU
		{2DA00F16-2193-4564-AB24-20B674279C5A}.Debug|Any CPU.Build.0 = Debug|Any CPU
		{2DA00F16-2193-4564-AB24-20B674279C5A}.Release|Any CPU.ActiveCfg = Release|Any CPU
		{2DA00F16-2193-4564-AB24-20B674279C5A}.Release|Any CPU.Build.0 = Release|Any CPU
		{E66DFC6E-5281-4975-98B7-1A7A0C28402C}.Debug|Any CPU.ActiveCfg = Debug|Any CPU
		{E66DFC6E-5281-4975-98B7-1A7A0C28402C}.Debug|Any CPU.Build.0 = Debug|Any CPU
		{E66DFC6E-5281-4975-98B7-1A7A0C28402C}.Release|Any CPU.ActiveCfg = Release|Any CPU
		{E66DFC6E-5281-4975-98B7-1A7A0C28402C}.Release|Any CPU.Build.0 = Release|Any CPU
	EndGlobalSection
	GlobalSection(SolutionProperties) = preSolution
		HideSolutionNode = FALSE
	EndGlobalSection
	GlobalSection(ExtensibilityGlobals) = postSolution
		SolutionGuid = {AFFCAFC3-BBD8-4918-BD2C-E9FCAB9C6A00}
	EndGlobalSection
EndGlobal
